
Microsoft Visual Studio Solution File, Format Version 12.00
# Visual Studio 2013
VisualStudioVersion = 12.0.40629.0
MinimumVisualStudioVersion = 10.0.40219.1
Project("{FAE04EC0-301F-11D3-BF4B-00C04F79EFBC}") = "Rainbow.Core", "Rainbow.Core\Rainbow.Core.csproj", "{AE0CC292-1B22-4EBA-A216-5140EBDAF87F}"
EndProject
Project("{FAE04EC0-301F-11D3-BF4B-00C04F79EFBC}") = "Rainbow.Share", "Rainbow.Share\Rainbow.Share.csproj", "{8EF0C560-6515-4159-8DB4-4ADFAF6536CC}"
EndProject
Project("{FAE04EC0-301F-11D3-BF4B-00C04F79EFBC}") = "Rainbow.UnitTest", "Rainbow.UnitTest\Rainbow.UnitTest.csproj", "{2CF6CBBF-47A4-4629-BD5A-F19813CE115F}"
EndProject
Project("{2150E333-8FDC-42A3-9474-1A3956D46DE8}") = "Infrastructure", "Infrastructure", "{92D2D0D5-7C24-4AB8-B455-F36768EA7AF6}"
EndProject
Project("{2150E333-8FDC-42A3-9474-1A3956D46DE8}") = "Client", "Client", "{54AB7F71-C580-46C2-AAEF-3B0F3927750A}"
EndProject
Project("{FAE04EC0-301F-11D3-BF4B-00C04F79EFBC}") = "Rainbow.Shell", "Rainbow.Shell\Rainbow.Shell.csproj", "{FFB9530A-3669-4128-8D99-B4FF8EB876AB}"
EndProject
Project("{FAE04EC0-301F-11D3-BF4B-00C04F79EFBC}") = "Rainbow.Controls", "Rainbow.Controls\Rainbow.Controls.csproj", "{6D887B07-58D1-400F-A9DE-E2CB2D608271}"
EndProject
Global
	GlobalSection(SolutionConfigurationPlatforms) = preSolution
		Debug|Any CPU = Debug|Any CPU
		Release|Any CPU = Release|Any CPU
	EndGlobalSection
	GlobalSection(ProjectConfigurationPlatforms) = postSolution
		{AE0CC292-1B22-4EBA-A216-5140EBDAF87F}.Debug|Any CPU.ActiveCfg = Debug|Any CPU
		{AE0CC292-1B22-4EBA-A216-5140EBDAF87F}.Debug|Any CPU.Build.0 = Debug|Any CPU
		{AE0CC292-1B22-4EBA-A216-5140EBDAF87F}.Release|Any CPU.ActiveCfg = Release|Any CPU
		{AE0CC292-1B22-4EBA-A216-5140EBDAF87F}.Release|Any CPU.Build.0 = Release|Any CPU
		{8EF0C560-6515-4159-8DB4-4ADFAF6536CC}.Debug|Any CPU.ActiveCfg = Debug|Any CPU
		{8EF0C560-6515-4159-8DB4-4ADFAF6536CC}.Debug|Any CPU.Build.0 = Debug|Any CPU
		{8EF0C560-6515-4159-8DB4-4ADFAF6536CC}.Release|Any CPU.ActiveCfg = Release|Any CPU
		{8EF0C560-6515-4159-8DB4-4ADFAF6536CC}.Release|Any CPU.Build.0 = Release|Any CPU
		{2CF6CBBF-47A4-4629-BD5A-F19813CE115F}.Debug|Any CPU.ActiveCfg = Debug|Any CPU
		{2CF6CBBF-47A4-4629-BD5A-F19813CE115F}.Debug|Any CPU.Build.0 = Debug|Any CPU
		{2CF6CBBF-47A4-4629-BD5A-F19813CE115F}.Release|Any CPU.ActiveCfg = Release|Any CPU
		{2CF6CBBF-47A4-4629-BD5A-F19813CE115F}.Release|Any CPU.Build.0 = Release|Any CPU
		{FFB9530A-3669-4128-8D99-B4FF8EB876AB}.Debug|Any CPU.ActiveCfg = Debug|Any CPU
		{FFB9530A-3669-4128-8D99-B4FF8EB876AB}.Debug|Any CPU.Build.0 = Debug|Any CPU
		{FFB9530A-3669-4128-8D99-B4FF8EB876AB}.Release|Any CPU.ActiveCfg = Release|Any CPU
		{FFB9530A-3669-4128-8D99-B4FF8EB876AB}.Release|Any CPU.Build.0 = Release|Any CPU
		{6D887B07-58D1-400F-A9DE-E2CB2D608271}.Debug|Any CPU.ActiveCfg = Debug|Any CPU
		{6D887B07-58D1-400F-A9DE-E2CB2D608271}.Debug|Any CPU.Build.0 = Debug|Any CPU
		{6D887B07-58D1-400F-A9DE-E2CB2D608271}.Release|Any CPU.ActiveCfg = Release|Any CPU
		{6D887B07-58D1-400F-A9DE-E2CB2D608271}.Release|Any CPU.Build.0 = Release|Any CPU
	EndGlobalSection
	GlobalSection(SolutionProperties) = preSolution
		HideSolutionNode = FALSE
	EndGlobalSection
	GlobalSection(NestedProjects) = preSolution
		{AE0CC292-1B22-4EBA-A216-5140EBDAF87F} = {92D2D0D5-7C24-4AB8-B455-F36768EA7AF6}
		{8EF0C560-6515-4159-8DB4-4ADFAF6536CC} = {92D2D0D5-7C24-4AB8-B455-F36768EA7AF6}
		{2CF6CBBF-47A4-4629-BD5A-F19813CE115F} = {92D2D0D5-7C24-4AB8-B455-F36768EA7AF6}
		{FFB9530A-3669-4128-8D99-B4FF8EB876AB} = {54AB7F71-C580-46C2-AAEF-3B0F3927750A}
		{6D887B07-58D1-400F-A9DE-E2CB2D608271} = {54AB7F71-C580-46C2-AAEF-3B0F3927750A}
	EndGlobalSection
EndGlobal
